
Microsoft Visual Studio Solution File, Format Version 12.00
# Visual Studio Version 17
VisualStudioVersion = 17.3.32929.385
MinimumVisualStudioVersion = 10.0.40219.1
Project("{FAE04EC0-301F-11D3-BF4B-00C04F79EFBC}") = "LegallyBuyAlcohol.Android", "LegallyBuyAlcohol\LegallyBuyAlcohol.Android\LegallyBuyAlcohol.Android.csproj", "{2AA93305-10F9-4E05-9F65-D6C4748A9815}"
EndProject
Project("{FAE04EC0-301F-11D3-BF4B-00C04F79EFBC}") = "LegallyBuyAlcohol.iOS", "LegallyBuyAlcohol\LegallyBuyAlcohol.iOS\LegallyBuyAlcohol.iOS.csproj", "{9515B135-B7CB-401D-86BE-7885FEC9F857}"
EndProject
Project("{FAE04EC0-301F-11D3-BF4B-00C04F79EFBC}") = "LegallyBuyAlcohol", "LegallyBuyAlcohol\LegallyBuyAlcohol\LegallyBuyAlcohol.csproj", "{1B37FCD0-6CF0-4D73-9121-31F3E332900A}"
EndProject
Global
	GlobalSection(SolutionConfigurationPlatforms) = preSolution
		Debug|Any CPU = Debug|Any CPU
		Debug|iPhone = Debug|iPhone
		Debug|iPhoneSimulator = Debug|iPhoneSimulator
		Release|Any CPU = Release|Any CPU
		Release|iPhone = Release|iPhone
		Release|iPhoneSimulator = Release|iPhoneSimulator
	EndGlobalSection
	GlobalSection(ProjectConfigurationPlatforms) = postSolution
		{2AA93305-10F9-4E05-9F65-D6C4748A9815}.Debug|Any CPU.ActiveCfg = Debug|Any CPU
		{2AA93305-10F9-4E05-9F65-D6C4748A9815}.Debug|Any CPU.Build.0 = Debug|Any CPU
		{2AA93305-10F9-4E05-9F65-D6C4748A9815}.Debug|Any CPU.Deploy.0 = Debug|Any CPU
		{2AA93305-10F9-4E05-9F65-D6C4748A9815}.Debug|iPhone.ActiveCfg = Debug|Any CPU
		{2AA93305-10F9-4E05-9F65-D6C4748A9815}.Debug|iPhone.Build.0 = Debug|Any CPU
		{2AA93305-10F9-4E05-9F65-D6C4748A9815}.Debug|iPhone.Deploy.0 = Debug|Any CPU
		{2AA93305-10F9-4E05-9F65-D6C4748A9815}.Debug|iPhoneSimulator.ActiveCfg = Debug|Any CPU
		{2AA93305-10F9-4E05-9F65-D6C4748A9815}.Debug|iPhoneSimulator.Build.0 = Debug|Any CPU
		{2AA93305-10F9-4E05-9F65-D6C4748A9815}.Debug|iPhoneSimulator.Deploy.0 = Debug|Any CPU
		{2AA93305-10F9-4E05-9F65-D6C4748A9815}.Release|Any CPU.ActiveCfg = Release|Any CPU
		{2AA93305-10F9-4E05-9F65-D6C4748A9815}.Release|Any CPU.Build.0 = Release|Any CPU
		{2AA93305-10F9-4E05-9F65-D6C4748A9815}.Release|Any CPU.Deploy.0 = Release|Any CPU
		{2AA93305-10F9-4E05-9F65-D6C4748A9815}.Release|iPhone.ActiveCfg = Release|Any CPU
		{2AA93305-10F9-4E05-9F65-D6C4748A9815}.Release|iPhone.Build.0 = Release|Any CPU
		{2AA93305-10F9-4E05-9F65-D6C4748A9815}.Release|iPhone.Deploy.0 = Release|Any CPU
		{2AA93305-10F9-4E05-9F65-D6C4748A9815}.Release|iPhoneSimulator.ActiveCfg = Release|Any CPU
		{2AA93305-10F9-4E05-9F65-D6C4748A9815}.Release|iPhoneSimulator.Build.0 = Release|Any CPU
		{2AA93305-10F9-4E05-9F65-D6C4748A9815}.Release|iPhoneSimulator.Deploy.0 = Release|Any CPU
		{9515B135-B7CB-401D-86BE-7885FEC9F857}.Debug|Any CPU.ActiveCfg = Debug|iPhone
		{9515B135-B7CB-401D-86BE-7885FEC9F857}.Debug|Any CPU.Build.0 = Debug|iPhone
		{9515B135-B7CB-401D-86BE-7885FEC9F857}.Debug|Any CPU.Deploy.0 = Debug|iPhone
		{9515B135-B7CB-401D-86BE-7885FEC9F857}.Debug|iPhone.ActiveCfg = Debug|iPhone
		{9515B135-B7CB-401D-86BE-7885FEC9F857}.Debug|iPhone.Build.0 = Debug|iPhone
		{9515B135-B7CB-401D-86BE-7885FEC9F857}.Debug|iPhone.Deploy.0 = Debug|iPhone
		{9515B135-B7CB-401D-86BE-7885FEC9F857}.Debug|iPhoneSimulator.ActiveCfg = Debug|iPhoneSimulator
		{9515B135-B7CB-401D-86BE-7885FEC9F857}.Debug|iPhoneSimulator.Build.0 = Debug|iPhoneSimulator
		{9515B135-B7CB-401D-86BE-7885FEC9F857}.Debug|iPhoneSimulator.Deploy.0 = Debug|iPhoneSimulator
		{9515B135-B7CB-401D-86BE-7885FEC9F857}.Release|Any CPU.ActiveCfg = Release|iPhoneSimulator
		{9515B135-B7CB-401D-86BE-7885FEC9F857}.Release|Any CPU.Build.0 = Release|iPhoneSimulator
		{9515B135-B7CB-401D-86BE-7885FEC9F857}.Release|Any CPU.Deploy.0 = Release|iPhoneSimulator
		{9515B135-B7CB-401D-86BE-7885FEC9F857}.Release|iPhone.ActiveCfg = Release|iPhone
		{9515B135-B7CB-401D-86BE-7885FEC9F857}.Release|iPhone.Build.0 = Release|iPhone
		{9515B135-B7CB-401D-86BE-7885FEC9F857}.Release|iPhone.Deploy.0 = Release|iPhone
		{9515B135-B7CB-401D-86BE-7885FEC9F857}.Release|iPhoneSimulator.ActiveCfg = Release|iPhoneSimulator
		{9515B135-B7CB-401D-86BE-7885FEC9F857}.Release|iPhoneSimulator.Build.0 = Release|iPhoneSimulator
		{9515B135-B7CB-401D-86BE-7885FEC9F857}.Release|iPhoneSimulator.Deploy.0 = Release|iPhoneSimulator
		{1B37FCD0-6CF0-4D73-9121-31F3E332900A}.Debug|Any CPU.ActiveCfg = Debug|Any CPU
		{1B37FCD0-6CF0-4D73-9121-31F3E332900A}.Debug|Any CPU.Build.0 = Debug|Any CPU
		{1B37FCD0-6CF0-4D73-9121-31F3E332900A}.Debug|Any CPU.Deploy.0 = Debug|Any CPU
		{1B37FCD0-6CF0-4D73-9121-31F3E332900A}.Debug|iPhone.ActiveCfg = Debug|Any CPU
		{1B37FCD0-6CF0-4D73-9121-31F3E332900A}.Debug|iPhone.Build.0 = Debug|Any CPU
		{1B37FCD0-6CF0-4D73-9121-31F3E332900A}.Debug|iPhone.Deploy.0 = Debug|Any CPU
		{1B37FCD0-6CF0-4D73-9121-31F3E332900A}.Debug|iPhoneSimulator.ActiveCfg = Debug|Any CPU
		{1B37FCD0-6CF0-4D73-9121-31F3E332900A}.Debug|iPhoneSimulator.Build.0 = Debug|Any CPU
		{1B37FCD0-6CF0-4D73-9121-31F3E332900A}.Debug|iPhoneSimulator.Deploy.0 = Debug|Any CPU
		{1B37FCD0-6CF0-4D73-9121-31F3E332900A}.Release|Any CPU.ActiveCfg = Release|Any CPU
		{1B37FCD0-6CF0-4D73-9121-31F3E332900A}.Release|Any CPU.Build.0 = Release|Any CPU
		{1B37FCD0-6CF0-4D73-9121-31F3E332900A}.Release|Any CPU.Deploy.0 = Release|Any CPU
		{1B37FCD0-6CF0-4D73-9121-31F3E332900A}.Release|iPhone.ActiveCfg = Release|Any CPU
		{1B37FCD0-6CF0-4D73-9121-31F3E332900A}.Release|iPhone.Build.0 = Release|Any CPU
		{1B37FCD0-6CF0-4D73-9121-31F3E332900A}.Release|iPhone.Deploy.0 = Release|Any CPU
		{1B37FCD0-6CF0-4D73-9121-31F3E332900A}.Release|iPhoneSimulator.ActiveCfg = Release|Any CPU
		{1B37FCD0-6CF0-4D73-9121-31F3E332900A}.Release|iPhoneSimulator.Build.0 = Release|Any CPU
		{1B37FCD0-6CF0-4D73-9121-31F3E332900A}.Release|iPhoneSimulator.Deploy.0 = Release|Any CPU
	EndGlobalSection
	GlobalSection(SolutionProperties) = preSolution
		HideSolutionNode = FALSE
	EndGlobalSection
	GlobalSection(ExtensibilityGlobals) = postSolution
		SolutionGuid = {089B6462-8573-4E83-90CC-30408C1088FE}
	EndGlobalSection
EndGlobal
